
Microsoft Visual Studio Solution File, Format Version 11.00
# Visual Studio 2010
Project("{FAE04EC0-301F-11D3-BF4B-00C04F79EFBC}") = "Ragnarok", "Ragnarok\Ragnarok.csproj", "{A348968A-DD91-47B4-9420-C7D370A2BE92}"
EndProject
Project("{FAE04EC0-301F-11D3-BF4B-00C04F79EFBC}") = "Ragnarok.NicoNico.Test", "Ragnarok.NicoNico.Test\Ragnarok.NicoNico.Test.csproj", "{5C9B5536-DC6D-4353-8BF2-9C2667C70A6B}"
EndProject
Project("{FAE04EC0-301F-11D3-BF4B-00C04F79EFBC}") = "Ragnarok.Presentation", "Ragnarok.Presentation\Ragnarok.Presentation.csproj", "{2E5515A8-7B34-44A2-9C50-F423C5F87798}"
EndProject
Project("{FAE04EC0-301F-11D3-BF4B-00C04F79EFBC}") = "Ragnarok.Extra", "Ragnarok.Extra\Ragnarok.Extra.csproj", "{8EBDC79A-607B-4B56-A298-1471CD6753DB}"
EndProject
Project("{FAE04EC0-301F-11D3-BF4B-00C04F79EFBC}") = "Ragnarok.Shogi", "Ragnarok.Shogi\Ragnarok.Shogi.csproj", "{38ABBDA5-B22F-41B7-A415-2A909D0A6A35}"
EndProject
Project("{FAE04EC0-301F-11D3-BF4B-00C04F79EFBC}") = "Ragnarok.UpdatePack", "Ragnarok.UpdatePack\Ragnarok.UpdatePack.csproj", "{10F2112B-1B6C-45B2-9620-6BBDA671D475}"
EndProject
Project("{FAE04EC0-301F-11D3-BF4B-00C04F79EFBC}") = "Ragnarok.Presentation.Shogi", "Ragnarok.Presentation.Shogi\Ragnarok.Presentation.Shogi.csproj", "{DDF48C77-8221-4469-8A4C-8865096AAB06}"
EndProject
Project("{FAE04EC0-301F-11D3-BF4B-00C04F79EFBC}") = "CommentGetter", "CommentGetter\CommentGetter.csproj", "{70DF41BE-3880-4DD3-B3AC-0B1BEDC47C31}"
EndProject
Project("{FAE04EC0-301F-11D3-BF4B-00C04F79EFBC}") = "Ragnarok.Presentation.Extra", "Ragnarok.Presentation.Extra\Ragnarok.Presentation.Extra.csproj", "{1CD9A242-E0E3-453C-9E49-57FC37FF675A}"
EndProject
Project("{FAE04EC0-301F-11D3-BF4B-00C04F79EFBC}") = "Ragnarok.Forms", "Ragnarok.Forms\Ragnarok.Forms.csproj", "{6B5362A1-22C7-4B5B-8582-24F3E2502214}"
EndProject
Global
	GlobalSection(SolutionConfigurationPlatforms) = preSolution
		Debug|Any CPU = Debug|Any CPU
		Debug|Mixed Platforms = Debug|Mixed Platforms
		Debug|x86 = Debug|x86
		Release|Any CPU = Release|Any CPU
		Release|Mixed Platforms = Release|Mixed Platforms
		Release|x86 = Release|x86
	EndGlobalSection
	GlobalSection(ProjectConfigurationPlatforms) = postSolution
		{A348968A-DD91-47B4-9420-C7D370A2BE92}.Debug|Any CPU.ActiveCfg = Debug|Any CPU
		{A348968A-DD91-47B4-9420-C7D370A2BE92}.Debug|Any CPU.Build.0 = Debug|Any CPU
		{A348968A-DD91-47B4-9420-C7D370A2BE92}.Debug|Mixed Platforms.ActiveCfg = Debug|x86
		{A348968A-DD91-47B4-9420-C7D370A2BE92}.Debug|Mixed Platforms.Build.0 = Debug|x86
		{A348968A-DD91-47B4-9420-C7D370A2BE92}.Debug|x86.ActiveCfg = Debug|Any CPU
		{A348968A-DD91-47B4-9420-C7D370A2BE92}.Release|Any CPU.ActiveCfg = Release|Any CPU
		{A348968A-DD91-47B4-9420-C7D370A2BE92}.Release|Any CPU.Build.0 = Release|Any CPU
		{A348968A-DD91-47B4-9420-C7D370A2BE92}.Release|Mixed Platforms.ActiveCfg = Release|x86
		{A348968A-DD91-47B4-9420-C7D370A2BE92}.Release|Mixed Platforms.Build.0 = Release|x86
		{A348968A-DD91-47B4-9420-C7D370A2BE92}.Release|x86.ActiveCfg = Release|x86
		{A348968A-DD91-47B4-9420-C7D370A2BE92}.Release|x86.Build.0 = Release|x86
		{5C9B5536-DC6D-4353-8BF2-9C2667C70A6B}.Debug|Any CPU.ActiveCfg = Debug|x86
		{5C9B5536-DC6D-4353-8BF2-9C2667C70A6B}.Debug|Mixed Platforms.ActiveCfg = Debug|x86
		{5C9B5536-DC6D-4353-8BF2-9C2667C70A6B}.Debug|Mixed Platforms.Build.0 = Debug|x86
		{5C9B5536-DC6D-4353-8BF2-9C2667C70A6B}.Debug|x86.ActiveCfg = Debug|x86
		{5C9B5536-DC6D-4353-8BF2-9C2667C70A6B}.Debug|x86.Build.0 = Debug|x86
		{5C9B5536-DC6D-4353-8BF2-9C2667C70A6B}.Release|Any CPU.ActiveCfg = Release|x86
		{5C9B5536-DC6D-4353-8BF2-9C2667C70A6B}.Release|Mixed Platforms.ActiveCfg = Release|x86
		{5C9B5536-DC6D-4353-8BF2-9C2667C70A6B}.Release|Mixed Platforms.Build.0 = Release|x86
		{5C9B5536-DC6D-4353-8BF2-9C2667C70A6B}.Release|x86.ActiveCfg = Release|x86
		{5C9B5536-DC6D-4353-8BF2-9C2667C70A6B}.Release|x86.Build.0 = Release|x86
		{2E5515A8-7B34-44A2-9C50-F423C5F87798}.Debug|Any CPU.ActiveCfg = Debug|Any CPU
		{2E5515A8-7B34-44A2-9C50-F423C5F87798}.Debug|Any CPU.Build.0 = Debug|Any CPU
		{2E5515A8-7B34-44A2-9C50-F423C5F87798}.Debug|Mixed Platforms.ActiveCfg = Debug|x86
		{2E5515A8-7B34-44A2-9C50-F423C5F87798}.Debug|Mixed Platforms.Build.0 = Debug|x86
		{2E5515A8-7B34-44A2-9C50-F423C5F87798}.Debug|x86.ActiveCfg = Debug|Any CPU
		{2E5515A8-7B34-44A2-9C50-F423C5F87798}.Release|Any CPU.ActiveCfg = Release|Any CPU
		{2E5515A8-7B34-44A2-9C50-F423C5F87798}.Release|Any CPU.Build.0 = Release|Any CPU
		{2E5515A8-7B34-44A2-9C50-F423C5F87798}.Release|Mixed Platforms.ActiveCfg = Release|x86
		{2E5515A8-7B34-44A2-9C50-F423C5F87798}.Release|Mixed Platforms.Build.0 = Release|x86
		{2E5515A8-7B34-44A2-9C50-F423C5F87798}.Release|x86.ActiveCfg = Release|x86
		{2E5515A8-7B34-44A2-9C50-F423C5F87798}.Release|x86.Build.0 = Release|x86
		{8EBDC79A-607B-4B56-A298-1471CD6753DB}.Debug|Any CPU.ActiveCfg = Debug|Any CPU
		{8EBDC79A-607B-4B56-A298-1471CD6753DB}.Debug|Any CPU.Build.0 = Debug|Any CPU
		{8EBDC79A-607B-4B56-A298-1471CD6753DB}.Debug|Mixed Platforms.ActiveCfg = Debug|x86
		{8EBDC79A-607B-4B56-A298-1471CD6753DB}.Debug|Mixed Platforms.Build.0 = Debug|x86
		{8EBDC79A-607B-4B56-A298-1471CD6753DB}.Debug|x86.ActiveCfg = Debug|Any CPU
		{8EBDC79A-607B-4B56-A298-1471CD6753DB}.Release|Any CPU.ActiveCfg = Release|Any CPU
		{8EBDC79A-607B-4B56-A298-1471CD6753DB}.Release|Any CPU.Build.0 = Release|Any CPU
		{8EBDC79A-607B-4B56-A298-1471CD6753DB}.Release|Mixed Platforms.ActiveCfg = Release|x86
		{8EBDC79A-607B-4B56-A298-1471CD6753DB}.Release|Mixed Platforms.Build.0 = Release|x86
		{8EBDC79A-607B-4B56-A298-1471CD6753DB}.Release|x86.ActiveCfg = Release|x86
		{38ABBDA5-B22F-41B7-A415-2A909D0A6A35}.Debug|Any CPU.ActiveCfg = Debug|Any CPU
		{38ABBDA5-B22F-41B7-A415-2A909D0A6A35}.Debug|Any CPU.Build.0 = Debug|Any CPU
		{38ABBDA5-B22F-41B7-A415-2A909D0A6A35}.Debug|Mixed Platforms.ActiveCfg = Debug|x86
		{38ABBDA5-B22F-41B7-A415-2A909D0A6A35}.Debug|Mixed Platforms.Build.0 = Debug|x86
		{38ABBDA5-B22F-41B7-A415-2A909D0A6A35}.Debug|x86.ActiveCfg = Debug|Any CPU
		{38ABBDA5-B22F-41B7-A415-2A909D0A6A35}.Release|Any CPU.ActiveCfg = Release|Any CPU
		{38ABBDA5-B22F-41B7-A415-2A909D0A6A35}.Release|Any CPU.Build.0 = Release|Any CPU
		{38ABBDA5-B22F-41B7-A415-2A909D0A6A35}.Release|Mixed Platforms.ActiveCfg = Release|x86
		{38ABBDA5-B22F-41B7-A415-2A909D0A6A35}.Release|Mixed Platforms.Build.0 = Release|x86
		{38ABBDA5-B22F-41B7-A415-2A909D0A6A35}.Release|x86.ActiveCfg = Release|x86
		{10F2112B-1B6C-45B2-9620-6BBDA671D475}.Debug|Any CPU.ActiveCfg = Debug|x86
		{10F2112B-1B6C-45B2-9620-6BBDA671D475}.Debug|Mixed Platforms.ActiveCfg = Debug|x86
		{10F2112B-1B6C-45B2-9620-6BBDA671D475}.Debug|Mixed Platforms.Build.0 = Debug|x86
		{10F2112B-1B6C-45B2-9620-6BBDA671D475}.Debug|x86.ActiveCfg = Debug|x86
		{10F2112B-1B6C-45B2-9620-6BBDA671D475}.Debug|x86.Build.0 = Debug|x86
		{10F2112B-1B6C-45B2-9620-6BBDA671D475}.Release|Any CPU.ActiveCfg = Release|x86
		{10F2112B-1B6C-45B2-9620-6BBDA671D475}.Release|Mixed Platforms.ActiveCfg = Release|x86
		{10F2112B-1B6C-45B2-9620-6BBDA671D475}.Release|Mixed Platforms.Build.0 = Release|x86
		{10F2112B-1B6C-45B2-9620-6BBDA671D475}.Release|x86.ActiveCfg = Release|x86
		{10F2112B-1B6C-45B2-9620-6BBDA671D475}.Release|x86.Build.0 = Release|x86
		{DDF48C77-8221-4469-8A4C-8865096AAB06}.Debug|Any CPU.ActiveCfg = Debug|Any CPU
		{DDF48C77-8221-4469-8A4C-8865096AAB06}.Debug|Any CPU.Build.0 = Debug|Any CPU
		{DDF48C77-8221-4469-8A4C-8865096AAB06}.Debug|Mixed Platforms.ActiveCfg = Debug|x86
		{DDF48C77-8221-4469-8A4C-8865096AAB06}.Debug|Mixed Platforms.Build.0 = Debug|x86
		{DDF48C77-8221-4469-8A4C-8865096AAB06}.Debug|x86.ActiveCfg = Debug|Any CPU
		{DDF48C77-8221-4469-8A4C-8865096AAB06}.Release|Any CPU.ActiveCfg = Release|Any CPU
		{DDF48C77-8221-4469-8A4C-8865096AAB06}.Release|Any CPU.Build.0 = Release|Any CPU
		{DDF48C77-8221-4469-8A4C-8865096AAB06}.Release|Mixed Platforms.ActiveCfg = Release|x86
		{DDF48C77-8221-4469-8A4C-8865096AAB06}.Release|Mixed Platforms.Build.0 = Release|x86
		{DDF48C77-8221-4469-8A4C-8865096AAB06}.Release|x86.ActiveCfg = Release|x86
		{70DF41BE-3880-4DD3-B3AC-0B1BEDC47C31}.Debug|Any CPU.ActiveCfg = Debug|x86
		{70DF41BE-3880-4DD3-B3AC-0B1BEDC47C31}.Debug|Mixed Platforms.ActiveCfg = Debug|x86
		{70DF41BE-3880-4DD3-B3AC-0B1BEDC47C31}.Debug|Mixed Platforms.Build.0 = Debug|x86
		{70DF41BE-3880-4DD3-B3AC-0B1BEDC47C31}.Debug|x86.ActiveCfg = Debug|x86
		{70DF41BE-3880-4DD3-B3AC-0B1BEDC47C31}.Debug|x86.Build.0 = Debug|x86
		{70DF41BE-3880-4DD3-B3AC-0B1BEDC47C31}.Release|Any CPU.ActiveCfg = Release|x86
		{70DF41BE-3880-4DD3-B3AC-0B1BEDC47C31}.Release|Mixed Platforms.ActiveCfg = Release|x86
		{70DF41BE-3880-4DD3-B3AC-0B1BEDC47C31}.Release|Mixed Platforms.Build.0 = Release|x86
		{70DF41BE-3880-4DD3-B3AC-0B1BEDC47C31}.Release|x86.ActiveCfg = Release|x86
		{70DF41BE-3880-4DD3-B3AC-0B1BEDC47C31}.Release|x86.Build.0 = Release|x86
		{1CD9A242-E0E3-453C-9E49-57FC37FF675A}.Debug|Any CPU.ActiveCfg = Debug|Any CPU
		{1CD9A242-E0E3-453C-9E49-57FC37FF675A}.Debug|Any CPU.Build.0 = Debug|Any CPU
		{1CD9A242-E0E3-453C-9E49-57FC37FF675A}.Debug|Mixed Platforms.ActiveCfg = Debug|x86
		{1CD9A242-E0E3-453C-9E49-57FC37FF675A}.Debug|Mixed Platforms.Build.0 = Debug|x86
		{1CD9A242-E0E3-453C-9E49-57FC37FF675A}.Debug|x86.ActiveCfg = Debug|Any CPU
		{1CD9A242-E0E3-453C-9E49-57FC37FF675A}.Release|Any CPU.ActiveCfg = Release|Any CPU
		{1CD9A242-E0E3-453C-9E49-57FC37FF675A}.Release|Any CPU.Build.0 = Release|Any CPU
		{1CD9A242-E0E3-453C-9E49-57FC37FF675A}.Release|Mixed Platforms.ActiveCfg = Release|x86
		{1CD9A242-E0E3-453C-9E49-57FC37FF675A}.Release|Mixed Platforms.Build.0 = Release|x86
		{1CD9A242-E0E3-453C-9E49-57FC37FF675A}.Release|x86.ActiveCfg = Release|Any CPU
		{6B5362A1-22C7-4B5B-8582-24F3E2502214}.Debug|Any CPU.ActiveCfg = Debug|Any CPU
		{6B5362A1-22C7-4B5B-8582-24F3E2502214}.Debug|Any CPU.Build.0 = Debug|Any CPU
		{6B5362A1-22C7-4B5B-8582-24F3E2502214}.Debug|Mixed Platforms.ActiveCfg = Debug|Any CPU
		{6B5362A1-22C7-4B5B-8582-24F3E2502214}.Debug|Mixed Platforms.Build.0 = Debug|Any CPU
		{6B5362A1-22C7-4B5B-8582-24F3E2502214}.Debug|x86.ActiveCfg = Debug|Any CPU
		{6B5362A1-22C7-4B5B-8582-24F3E2502214}.Release|Any CPU.ActiveCfg = Release|Any CPU
		{6B5362A1-22C7-4B5B-8582-24F3E2502214}.Release|Any CPU.Build.0 = Release|Any CPU
		{6B5362A1-22C7-4B5B-8582-24F3E2502214}.Release|Mixed Platforms.ActiveCfg = Release|Any CPU
		{6B5362A1-22C7-4B5B-8582-24F3E2502214}.Release|Mixed Platforms.Build.0 = Release|Any CPU
		{6B5362A1-22C7-4B5B-8582-24F3E2502214}.Release|x86.ActiveCfg = Release|Any CPU
	EndGlobalSection
	GlobalSection(SolutionProperties) = preSolution
		HideSolutionNode = FALSE
	EndGlobalSection
EndGlobal
