
Microsoft Visual Studio Solution File, Format Version 12.00
# Visual Studio 15
VisualStudioVersion = 15.0.26430.15
MinimumVisualStudioVersion = 10.0.40219.1
Project("{FAE04EC0-301F-11D3-BF4B-00C04F79EFBC}") = "Ragnarok", "Ragnarok\Ragnarok.csproj", "{58E7EA68-4850-452C-B15C-CD376FC60198}"
EndProject
Project("{FAE04EC0-301F-11D3-BF4B-00C04F79EFBC}") = "Ragnarok.Extra", "Ragnarok.Extra\Ragnarok.Extra.csproj", "{7267B7A8-51EC-4D74-B8B1-B9CC98C2D292}"
EndProject
Project("{FAE04EC0-301F-11D3-BF4B-00C04F79EFBC}") = "Ragnarok.Sound", "Ragnarok.Sound\Ragnarok.Sound.csproj", "{6739CD1B-4766-466D-8EED-9A5FEB4C2DEC}"
EndProject
Project("{FAE04EC0-301F-11D3-BF4B-00C04F79EFBC}") = "Ragnarok.Calculator", "Ragnarok.Calculator\Ragnarok.Calculator.csproj", "{A8C59784-FA96-4120-AE74-EB1A7A9202C6}"
EndProject
Project("{FAE04EC0-301F-11D3-BF4B-00C04F79EFBC}") = "Ragnarok.Forms", "Ragnarok.Forms\Ragnarok.Forms.csproj", "{26EA7DF8-D131-4ED9-8D61-1DAB6CCC7200}"
EndProject
Project("{FAE04EC0-301F-11D3-BF4B-00C04F79EFBC}") = "Ragnarok.Shogi", "Ragnarok.Shogi\Ragnarok.Shogi.csproj", "{5C0D7C9B-F2D5-4A08-8856-AF7E2F2F7CFE}"
EndProject
Project("{FAE04EC0-301F-11D3-BF4B-00C04F79EFBC}") = "Ragnarok.Forms.Shogi", "Ragnarok.Forms.Shogi\Ragnarok.Forms.Shogi.csproj", "{34F49799-B4E8-40AB-A3C2-CE8FC0A4F3B2}"
EndProject
Project("{FAE04EC0-301F-11D3-BF4B-00C04F79EFBC}") = "Ragnarok.OpenGL", "Ragnarok.OpenGL\Ragnarok.OpenGL.csproj", "{598A93CA-0BD4-4C1C-B6DB-27384A440915}"
EndProject
Project("{FAE04EC0-301F-11D3-BF4B-00C04F79EFBC}") = "Ragnarok.NicoNico", "Ragnarok.NicoNico\Ragnarok.NicoNico.csproj", "{C5D1BB59-8B5C-4A86-BE73-3830A470DA31}"
EndProject
Project("{FAE04EC0-301F-11D3-BF4B-00C04F79EFBC}") = "Ragnarok.Presentation", "Ragnarok.Presentation\Ragnarok.Presentation.csproj", "{387C9CD5-CA86-4031-A46B-91B889BE87E8}"
EndProject
Project("{FAE04EC0-301F-11D3-BF4B-00C04F79EFBC}") = "Ragnarok.Net.ProtoBuf", "Ragnarok.Net.ProtoBuf\Ragnarok.Net.ProtoBuf.csproj", "{3664E34F-B2AD-414F-9D6D-F06CBCA50FA0}"
EndProject
Project("{FAE04EC0-301F-11D3-BF4B-00C04F79EFBC}") = "Ragnarok.UpdatePack", "Ragnarok.UpdatePack\Ragnarok.UpdatePack.csproj", "{7EB87DB3-784C-4BBD-B76D-D4AF0C1AFC60}"
EndProject
Global
	GlobalSection(SolutionConfigurationPlatforms) = preSolution
		Debug|Any CPU = Debug|Any CPU
		Debug|x86 = Debug|x86
		Release|Any CPU = Release|Any CPU
		Release|x86 = Release|x86
	EndGlobalSection
	GlobalSection(ProjectConfigurationPlatforms) = postSolution
		{58E7EA68-4850-452C-B15C-CD376FC60198}.Debug|Any CPU.ActiveCfg = Debug|Any CPU
		{58E7EA68-4850-452C-B15C-CD376FC60198}.Debug|Any CPU.Build.0 = Debug|Any CPU
		{58E7EA68-4850-452C-B15C-CD376FC60198}.Debug|x86.ActiveCfg = Debug|x86
		{58E7EA68-4850-452C-B15C-CD376FC60198}.Debug|x86.Build.0 = Debug|x86
		{58E7EA68-4850-452C-B15C-CD376FC60198}.Release|Any CPU.ActiveCfg = Release|Any CPU
		{58E7EA68-4850-452C-B15C-CD376FC60198}.Release|Any CPU.Build.0 = Release|Any CPU
		{58E7EA68-4850-452C-B15C-CD376FC60198}.Release|x86.ActiveCfg = Release|x86
		{58E7EA68-4850-452C-B15C-CD376FC60198}.Release|x86.Build.0 = Release|x86
		{7267B7A8-51EC-4D74-B8B1-B9CC98C2D292}.Debug|Any CPU.ActiveCfg = Debug|Any CPU
		{7267B7A8-51EC-4D74-B8B1-B9CC98C2D292}.Debug|Any CPU.Build.0 = Debug|Any CPU
		{7267B7A8-51EC-4D74-B8B1-B9CC98C2D292}.Debug|x86.ActiveCfg = Debug|x86
		{7267B7A8-51EC-4D74-B8B1-B9CC98C2D292}.Debug|x86.Build.0 = Debug|x86
		{7267B7A8-51EC-4D74-B8B1-B9CC98C2D292}.Release|Any CPU.ActiveCfg = Release|Any CPU
		{7267B7A8-51EC-4D74-B8B1-B9CC98C2D292}.Release|Any CPU.Build.0 = Release|Any CPU
		{7267B7A8-51EC-4D74-B8B1-B9CC98C2D292}.Release|x86.ActiveCfg = Release|x86
		{7267B7A8-51EC-4D74-B8B1-B9CC98C2D292}.Release|x86.Build.0 = Release|x86
		{6739CD1B-4766-466D-8EED-9A5FEB4C2DEC}.Debug|Any CPU.ActiveCfg = Debug|Any CPU
		{6739CD1B-4766-466D-8EED-9A5FEB4C2DEC}.Debug|Any CPU.Build.0 = Debug|Any CPU
		{6739CD1B-4766-466D-8EED-9A5FEB4C2DEC}.Debug|x86.ActiveCfg = Debug|x86
		{6739CD1B-4766-466D-8EED-9A5FEB4C2DEC}.Debug|x86.Build.0 = Debug|x86
		{6739CD1B-4766-466D-8EED-9A5FEB4C2DEC}.Release|Any CPU.ActiveCfg = Release|Any CPU
		{6739CD1B-4766-466D-8EED-9A5FEB4C2DEC}.Release|Any CPU.Build.0 = Release|Any CPU
		{6739CD1B-4766-466D-8EED-9A5FEB4C2DEC}.Release|x86.ActiveCfg = Release|x86
		{6739CD1B-4766-466D-8EED-9A5FEB4C2DEC}.Release|x86.Build.0 = Release|x86
		{A8C59784-FA96-4120-AE74-EB1A7A9202C6}.Debug|Any CPU.ActiveCfg = Debug|Any CPU
		{A8C59784-FA96-4120-AE74-EB1A7A9202C6}.Debug|Any CPU.Build.0 = Debug|Any CPU
		{A8C59784-FA96-4120-AE74-EB1A7A9202C6}.Debug|x86.ActiveCfg = Debug|x86
		{A8C59784-FA96-4120-AE74-EB1A7A9202C6}.Debug|x86.Build.0 = Debug|x86
		{A8C59784-FA96-4120-AE74-EB1A7A9202C6}.Release|Any CPU.ActiveCfg = Release|Any CPU
		{A8C59784-FA96-4120-AE74-EB1A7A9202C6}.Release|Any CPU.Build.0 = Release|Any CPU
		{A8C59784-FA96-4120-AE74-EB1A7A9202C6}.Release|x86.ActiveCfg = Release|x86
		{A8C59784-FA96-4120-AE74-EB1A7A9202C6}.Release|x86.Build.0 = Release|x86
		{26EA7DF8-D131-4ED9-8D61-1DAB6CCC7200}.Debug|Any CPU.ActiveCfg = Debug|Any CPU
		{26EA7DF8-D131-4ED9-8D61-1DAB6CCC7200}.Debug|Any CPU.Build.0 = Debug|Any CPU
		{26EA7DF8-D131-4ED9-8D61-1DAB6CCC7200}.Debug|x86.ActiveCfg = Debug|x86
		{26EA7DF8-D131-4ED9-8D61-1DAB6CCC7200}.Debug|x86.Build.0 = Debug|x86
		{26EA7DF8-D131-4ED9-8D61-1DAB6CCC7200}.Release|Any CPU.ActiveCfg = Release|Any CPU
		{26EA7DF8-D131-4ED9-8D61-1DAB6CCC7200}.Release|Any CPU.Build.0 = Release|Any CPU
		{26EA7DF8-D131-4ED9-8D61-1DAB6CCC7200}.Release|x86.ActiveCfg = Release|x86
		{26EA7DF8-D131-4ED9-8D61-1DAB6CCC7200}.Release|x86.Build.0 = Release|x86
		{5C0D7C9B-F2D5-4A08-8856-AF7E2F2F7CFE}.Debug|Any CPU.ActiveCfg = Debug|Any CPU
		{5C0D7C9B-F2D5-4A08-8856-AF7E2F2F7CFE}.Debug|Any CPU.Build.0 = Debug|Any CPU
		{5C0D7C9B-F2D5-4A08-8856-AF7E2F2F7CFE}.Debug|x86.ActiveCfg = Debug|x86
		{5C0D7C9B-F2D5-4A08-8856-AF7E2F2F7CFE}.Debug|x86.Build.0 = Debug|x86
		{5C0D7C9B-F2D5-4A08-8856-AF7E2F2F7CFE}.Release|Any CPU.ActiveCfg = Release|Any CPU
		{5C0D7C9B-F2D5-4A08-8856-AF7E2F2F7CFE}.Release|Any CPU.Build.0 = Release|Any CPU
		{5C0D7C9B-F2D5-4A08-8856-AF7E2F2F7CFE}.Release|x86.ActiveCfg = Release|x86
		{5C0D7C9B-F2D5-4A08-8856-AF7E2F2F7CFE}.Release|x86.Build.0 = Release|x86
		{34F49799-B4E8-40AB-A3C2-CE8FC0A4F3B2}.Debug|Any CPU.ActiveCfg = Debug|Any CPU
		{34F49799-B4E8-40AB-A3C2-CE8FC0A4F3B2}.Debug|Any CPU.Build.0 = Debug|Any CPU
		{34F49799-B4E8-40AB-A3C2-CE8FC0A4F3B2}.Debug|x86.ActiveCfg = Debug|x86
		{34F49799-B4E8-40AB-A3C2-CE8FC0A4F3B2}.Debug|x86.Build.0 = Debug|x86
		{34F49799-B4E8-40AB-A3C2-CE8FC0A4F3B2}.Release|Any CPU.ActiveCfg = Release|Any CPU
		{34F49799-B4E8-40AB-A3C2-CE8FC0A4F3B2}.Release|Any CPU.Build.0 = Release|Any CPU
		{34F49799-B4E8-40AB-A3C2-CE8FC0A4F3B2}.Release|x86.ActiveCfg = Release|x86
		{34F49799-B4E8-40AB-A3C2-CE8FC0A4F3B2}.Release|x86.Build.0 = Release|x86
		{598A93CA-0BD4-4C1C-B6DB-27384A440915}.Debug|Any CPU.ActiveCfg = Debug|Any CPU
		{598A93CA-0BD4-4C1C-B6DB-27384A440915}.Debug|Any CPU.Build.0 = Debug|Any CPU
		{598A93CA-0BD4-4C1C-B6DB-27384A440915}.Debug|x86.ActiveCfg = Debug|x86
		{598A93CA-0BD4-4C1C-B6DB-27384A440915}.Debug|x86.Build.0 = Debug|x86
		{598A93CA-0BD4-4C1C-B6DB-27384A440915}.Release|Any CPU.ActiveCfg = Release|Any CPU
		{598A93CA-0BD4-4C1C-B6DB-27384A440915}.Release|Any CPU.Build.0 = Release|Any CPU
		{598A93CA-0BD4-4C1C-B6DB-27384A440915}.Release|x86.ActiveCfg = Release|x86
		{598A93CA-0BD4-4C1C-B6DB-27384A440915}.Release|x86.Build.0 = Release|x86
		{C5D1BB59-8B5C-4A86-BE73-3830A470DA31}.Debug|Any CPU.ActiveCfg = Debug|Any CPU
		{C5D1BB59-8B5C-4A86-BE73-3830A470DA31}.Debug|Any CPU.Build.0 = Debug|Any CPU
		{C5D1BB59-8B5C-4A86-BE73-3830A470DA31}.Debug|x86.ActiveCfg = Debug|x86
		{C5D1BB59-8B5C-4A86-BE73-3830A470DA31}.Debug|x86.Build.0 = Debug|x86
		{C5D1BB59-8B5C-4A86-BE73-3830A470DA31}.Release|Any CPU.ActiveCfg = Release|Any CPU
		{C5D1BB59-8B5C-4A86-BE73-3830A470DA31}.Release|Any CPU.Build.0 = Release|Any CPU
		{C5D1BB59-8B5C-4A86-BE73-3830A470DA31}.Release|x86.ActiveCfg = Release|x86
		{C5D1BB59-8B5C-4A86-BE73-3830A470DA31}.Release|x86.Build.0 = Release|x86
		{387C9CD5-CA86-4031-A46B-91B889BE87E8}.Debug|Any CPU.ActiveCfg = Debug|Any CPU
		{387C9CD5-CA86-4031-A46B-91B889BE87E8}.Debug|Any CPU.Build.0 = Debug|Any CPU
		{387C9CD5-CA86-4031-A46B-91B889BE87E8}.Debug|x86.ActiveCfg = Debug|x86
		{387C9CD5-CA86-4031-A46B-91B889BE87E8}.Debug|x86.Build.0 = Debug|x86
		{387C9CD5-CA86-4031-A46B-91B889BE87E8}.Release|Any CPU.ActiveCfg = Release|Any CPU
		{387C9CD5-CA86-4031-A46B-91B889BE87E8}.Release|Any CPU.Build.0 = Release|Any CPU
		{387C9CD5-CA86-4031-A46B-91B889BE87E8}.Release|x86.ActiveCfg = Release|x86
		{387C9CD5-CA86-4031-A46B-91B889BE87E8}.Release|x86.Build.0 = Release|x86
		{3664E34F-B2AD-414F-9D6D-F06CBCA50FA0}.Debug|Any CPU.ActiveCfg = Debug|Any CPU
		{3664E34F-B2AD-414F-9D6D-F06CBCA50FA0}.Debug|Any CPU.Build.0 = Debug|Any CPU
		{3664E34F-B2AD-414F-9D6D-F06CBCA50FA0}.Debug|x86.ActiveCfg = Debug|x86
		{3664E34F-B2AD-414F-9D6D-F06CBCA50FA0}.Debug|x86.Build.0 = Debug|x86
		{3664E34F-B2AD-414F-9D6D-F06CBCA50FA0}.Release|Any CPU.ActiveCfg = Release|Any CPU
		{3664E34F-B2AD-414F-9D6D-F06CBCA50FA0}.Release|Any CPU.Build.0 = Release|Any CPU
		{3664E34F-B2AD-414F-9D6D-F06CBCA50FA0}.Release|x86.ActiveCfg = Release|x86
		{3664E34F-B2AD-414F-9D6D-F06CBCA50FA0}.Release|x86.Build.0 = Release|x86
		{7EB87DB3-784C-4BBD-B76D-D4AF0C1AFC60}.Debug|Any CPU.ActiveCfg = Debug|Any CPU
		{7EB87DB3-784C-4BBD-B76D-D4AF0C1AFC60}.Debug|Any CPU.Build.0 = Debug|Any CPU
		{7EB87DB3-784C-4BBD-B76D-D4AF0C1AFC60}.Debug|x86.ActiveCfg = Debug|x86
		{7EB87DB3-784C-4BBD-B76D-D4AF0C1AFC60}.Debug|x86.Build.0 = Debug|x86
		{7EB87DB3-784C-4BBD-B76D-D4AF0C1AFC60}.Release|Any CPU.ActiveCfg = Release|Any CPU
		{7EB87DB3-784C-4BBD-B76D-D4AF0C1AFC60}.Release|Any CPU.Build.0 = Release|Any CPU
		{7EB87DB3-784C-4BBD-B76D-D4AF0C1AFC60}.Release|x86.ActiveCfg = Release|x86
		{7EB87DB3-784C-4BBD-B76D-D4AF0C1AFC60}.Release|x86.Build.0 = Release|x86
	EndGlobalSection
	GlobalSection(SolutionProperties) = preSolution
		HideSolutionNode = FALSE
	EndGlobalSection
EndGlobal
