
Microsoft Visual Studio Solution File, Format Version 12.00
# Visual Studio Version 16
VisualStudioVersion = 16.0.31105.61
MinimumVisualStudioVersion = 10.0.40219.1
Project("{9A19103F-16F7-4668-BE54-9A1E7A4F7556}") = "Ragnarok", "Ragnarok\Ragnarok.csproj", "{04C19C5F-6501-4D4C-B269-EEE170675E0F}"
EndProject
Project("{9A19103F-16F7-4668-BE54-9A1E7A4F7556}") = "Ragnarok.Calculator", "Ragnarok.Calculator\Ragnarok.Calculator.csproj", "{ECF47DF3-E141-43E1-9CB5-67963722801B}"
EndProject
Project("{9A19103F-16F7-4668-BE54-9A1E7A4F7556}") = "Ragnarok.Forms", "Ragnarok.Forms\Ragnarok.Forms.csproj", "{B95CA0FB-CB54-4B3F-B28B-783C5EE7773C}"
EndProject
Project("{9A19103F-16F7-4668-BE54-9A1E7A4F7556}") = "Ragnarok.Extra", "Ragnarok.Extra\Ragnarok.Extra.csproj", "{F423FCD5-0AA6-46F1-BF9B-96BFA5A755EF}"
EndProject
Project("{9A19103F-16F7-4668-BE54-9A1E7A4F7556}") = "Ragnarok.Sound", "Ragnarok.Sound\Ragnarok.Sound.csproj", "{FF1629EA-12B6-474B-94D7-0956B0AE5992}"
EndProject
Project("{9A19103F-16F7-4668-BE54-9A1E7A4F7556}") = "Ragnarok.OpenGL", "Ragnarok.OpenGL\Ragnarok.OpenGL.csproj", "{CF97E067-A668-4224-9588-AE181275B38A}"
EndProject
Project("{9A19103F-16F7-4668-BE54-9A1E7A4F7556}") = "Ragnarok.UpdatePack", "Ragnarok.UpdatePack\Ragnarok.UpdatePack.csproj", "{7BA3F9B0-5366-4C4A-8599-234F0C1B9276}"
EndProject
Project("{FAE04EC0-301F-11D3-BF4B-00C04F79EFBC}") = "Ragnarok.Go", "Ragnarok.Go\Ragnarok.Go.csproj", "{33805B6C-E81D-4F8F-9DEB-C7CB77661E03}"
EndProject
Project("{FAE04EC0-301F-11D3-BF4B-00C04F79EFBC}") = "Ragnarok.Presentation", "Ragnarok.Presentation\Ragnarok.Presentation.csproj", "{AEA662DB-7E22-4040-AE5C-F2DE541C0BE2}"
EndProject
Global
	GlobalSection(SolutionConfigurationPlatforms) = preSolution
		Debug|Any CPU = Debug|Any CPU
		Release|Any CPU = Release|Any CPU
	EndGlobalSection
	GlobalSection(ProjectConfigurationPlatforms) = postSolution
		{04C19C5F-6501-4D4C-B269-EEE170675E0F}.Debug|Any CPU.ActiveCfg = Debug|Any CPU
		{04C19C5F-6501-4D4C-B269-EEE170675E0F}.Debug|Any CPU.Build.0 = Debug|Any CPU
		{04C19C5F-6501-4D4C-B269-EEE170675E0F}.Release|Any CPU.ActiveCfg = Release|Any CPU
		{04C19C5F-6501-4D4C-B269-EEE170675E0F}.Release|Any CPU.Build.0 = Release|Any CPU
		{ECF47DF3-E141-43E1-9CB5-67963722801B}.Debug|Any CPU.ActiveCfg = Debug|Any CPU
		{ECF47DF3-E141-43E1-9CB5-67963722801B}.Debug|Any CPU.Build.0 = Debug|Any CPU
		{ECF47DF3-E141-43E1-9CB5-67963722801B}.Release|Any CPU.ActiveCfg = Release|Any CPU
		{ECF47DF3-E141-43E1-9CB5-67963722801B}.Release|Any CPU.Build.0 = Release|Any CPU
		{B95CA0FB-CB54-4B3F-B28B-783C5EE7773C}.Debug|Any CPU.ActiveCfg = Debug|Any CPU
		{B95CA0FB-CB54-4B3F-B28B-783C5EE7773C}.Debug|Any CPU.Build.0 = Debug|Any CPU
		{B95CA0FB-CB54-4B3F-B28B-783C5EE7773C}.Release|Any CPU.ActiveCfg = Release|Any CPU
		{B95CA0FB-CB54-4B3F-B28B-783C5EE7773C}.Release|Any CPU.Build.0 = Release|Any CPU
		{F423FCD5-0AA6-46F1-BF9B-96BFA5A755EF}.Debug|Any CPU.ActiveCfg = Debug|Any CPU
		{F423FCD5-0AA6-46F1-BF9B-96BFA5A755EF}.Debug|Any CPU.Build.0 = Debug|Any CPU
		{F423FCD5-0AA6-46F1-BF9B-96BFA5A755EF}.Release|Any CPU.ActiveCfg = Release|Any CPU
		{F423FCD5-0AA6-46F1-BF9B-96BFA5A755EF}.Release|Any CPU.Build.0 = Release|Any CPU
		{FF1629EA-12B6-474B-94D7-0956B0AE5992}.Debug|Any CPU.ActiveCfg = Debug|Any CPU
		{FF1629EA-12B6-474B-94D7-0956B0AE5992}.Debug|Any CPU.Build.0 = Debug|Any CPU
		{FF1629EA-12B6-474B-94D7-0956B0AE5992}.Release|Any CPU.ActiveCfg = Release|Any CPU
		{FF1629EA-12B6-474B-94D7-0956B0AE5992}.Release|Any CPU.Build.0 = Release|Any CPU
		{CF97E067-A668-4224-9588-AE181275B38A}.Debug|Any CPU.ActiveCfg = Debug|Any CPU
		{CF97E067-A668-4224-9588-AE181275B38A}.Debug|Any CPU.Build.0 = Debug|Any CPU
		{CF97E067-A668-4224-9588-AE181275B38A}.Release|Any CPU.ActiveCfg = Release|Any CPU
		{CF97E067-A668-4224-9588-AE181275B38A}.Release|Any CPU.Build.0 = Release|Any CPU
		{7BA3F9B0-5366-4C4A-8599-234F0C1B9276}.Debug|Any CPU.ActiveCfg = Debug|Any CPU
		{7BA3F9B0-5366-4C4A-8599-234F0C1B9276}.Debug|Any CPU.Build.0 = Debug|Any CPU
		{7BA3F9B0-5366-4C4A-8599-234F0C1B9276}.Release|Any CPU.ActiveCfg = Release|Any CPU
		{7BA3F9B0-5366-4C4A-8599-234F0C1B9276}.Release|Any CPU.Build.0 = Release|Any CPU
		{33805B6C-E81D-4F8F-9DEB-C7CB77661E03}.Debug|Any CPU.ActiveCfg = Debug|Any CPU
		{33805B6C-E81D-4F8F-9DEB-C7CB77661E03}.Debug|Any CPU.Build.0 = Debug|Any CPU
		{33805B6C-E81D-4F8F-9DEB-C7CB77661E03}.Release|Any CPU.ActiveCfg = Release|Any CPU
		{33805B6C-E81D-4F8F-9DEB-C7CB77661E03}.Release|Any CPU.Build.0 = Release|Any CPU
		{AEA662DB-7E22-4040-AE5C-F2DE541C0BE2}.Debug|Any CPU.ActiveCfg = Debug|Any CPU
		{AEA662DB-7E22-4040-AE5C-F2DE541C0BE2}.Debug|Any CPU.Build.0 = Debug|Any CPU
		{AEA662DB-7E22-4040-AE5C-F2DE541C0BE2}.Release|Any CPU.ActiveCfg = Release|Any CPU
		{AEA662DB-7E22-4040-AE5C-F2DE541C0BE2}.Release|Any CPU.Build.0 = Release|Any CPU
	EndGlobalSection
	GlobalSection(SolutionProperties) = preSolution
		HideSolutionNode = FALSE
	EndGlobalSection
	GlobalSection(ExtensibilityGlobals) = postSolution
		SolutionGuid = {5C33AA6A-9953-4103-9097-EF504EAFBF6A}
	EndGlobalSection
EndGlobal
